
Microsoft Visual Studio Solution File, Format Version 12.00
Project("{2150E333-8FDC-42A3-9474-1A3956D46DE8}") = "Apps", "Apps", "{0E5AD997-3426-4606-A1E3-B55E77C098C5}"
EndProject
Project("{2150E333-8FDC-42A3-9474-1A3956D46DE8}") = "Libraries", "Libraries", "{9742F6FE-1629-4BD0-878C-0A8E4579CBD7}"
EndProject
Project("{2150E333-8FDC-42A3-9474-1A3956D46DE8}") = "Database", "Database", "{99BF3241-D69D-42EC-BC8E-CDB9F812B976}"
EndProject
Project("{2150E333-8FDC-42A3-9474-1A3956D46DE8}") = "Tests", "Tests", "{F40586C0-D04E-4535-ACD9-40A963A8D0CA}"
EndProject
Project("{FAE04EC0-301F-11D3-BF4B-00C04F79EFBC}") = "Jogging.Api", "Jogging.Api\Jogging.Api.csproj", "{42817B87-0A32-4226-8F6E-CBDF67ED4190}"
EndProject
Project("{FAE04EC0-301F-11D3-BF4B-00C04F79EFBC}") = "Jogging.ConsoleApp", "Jogging.ConsoleApp\Jogging.ConsoleApp.csproj", "{B4545E13-1AF2-49F6-9BDD-4B9DF686059D}"
EndProject
Project("{FAE04EC0-301F-11D3-BF4B-00C04F79EFBC}") = "Jogging.Contracts", "Jogging.Contracts\Jogging.Contracts.csproj", "{F002FAEE-87AA-4EE9-88AB-83363A6C2803}"
EndProject
Project("{FAE04EC0-301F-11D3-BF4B-00C04F79EFBC}") = "Jogging.Domain", "Jogging.Domain\Jogging.Domain.csproj", "{653ECB40-A118-4622-9706-0487F14C441A}"
EndProject
Project("{FAE04EC0-301F-11D3-BF4B-00C04F79EFBC}") = "Jogging.Infrastructure", "Jogging.Infrastructure\Jogging.Infrastructure.csproj", "{AEB57383-8CA3-4B17-9BFC-AA48D88B4FD7}"
EndProject
Project("{FAE04EC0-301F-11D3-BF4B-00C04F79EFBC}") = "Jogging.Rest", "Jogging.Rest\Jogging.Rest.csproj", "{F83A7155-A4BE-4D0F-BC1E-5AD246938713}"
EndProject
Global
	GlobalSection(SolutionConfigurationPlatforms) = preSolution
		Debug|Any CPU = Debug|Any CPU
		Release|Any CPU = Release|Any CPU
	EndGlobalSection
	GlobalSection(NestedProjects) = preSolution
		{42817B87-0A32-4226-8F6E-CBDF67ED4190} = {0E5AD997-3426-4606-A1E3-B55E77C098C5}
		{B4545E13-1AF2-49F6-9BDD-4B9DF686059D} = {0E5AD997-3426-4606-A1E3-B55E77C098C5}
		{F002FAEE-87AA-4EE9-88AB-83363A6C2803} = {9742F6FE-1629-4BD0-878C-0A8E4579CBD7}
		{653ECB40-A118-4622-9706-0487F14C441A} = {9742F6FE-1629-4BD0-878C-0A8E4579CBD7}
		{AEB57383-8CA3-4B17-9BFC-AA48D88B4FD7} = {9742F6FE-1629-4BD0-878C-0A8E4579CBD7}
		{F83A7155-A4BE-4D0F-BC1E-5AD246938713} = {9742F6FE-1629-4BD0-878C-0A8E4579CBD7}
	EndGlobalSection
	GlobalSection(ProjectConfigurationPlatforms) = postSolution
		{42817B87-0A32-4226-8F6E-CBDF67ED4190}.Debug|Any CPU.ActiveCfg = Debug|Any CPU
		{42817B87-0A32-4226-8F6E-CBDF67ED4190}.Debug|Any CPU.Build.0 = Debug|Any CPU
		{42817B87-0A32-4226-8F6E-CBDF67ED4190}.Release|Any CPU.ActiveCfg = Release|Any CPU
		{42817B87-0A32-4226-8F6E-CBDF67ED4190}.Release|Any CPU.Build.0 = Release|Any CPU
		{B4545E13-1AF2-49F6-9BDD-4B9DF686059D}.Debug|Any CPU.ActiveCfg = Debug|Any CPU
		{B4545E13-1AF2-49F6-9BDD-4B9DF686059D}.Debug|Any CPU.Build.0 = Debug|Any CPU
		{B4545E13-1AF2-49F6-9BDD-4B9DF686059D}.Release|Any CPU.ActiveCfg = Release|Any CPU
		{B4545E13-1AF2-49F6-9BDD-4B9DF686059D}.Release|Any CPU.Build.0 = Release|Any CPU
		{F002FAEE-87AA-4EE9-88AB-83363A6C2803}.Debug|Any CPU.ActiveCfg = Debug|Any CPU
		{F002FAEE-87AA-4EE9-88AB-83363A6C2803}.Debug|Any CPU.Build.0 = Debug|Any CPU
		{F002FAEE-87AA-4EE9-88AB-83363A6C2803}.Release|Any CPU.ActiveCfg = Release|Any CPU
		{F002FAEE-87AA-4EE9-88AB-83363A6C2803}.Release|Any CPU.Build.0 = Release|Any CPU
		{653ECB40-A118-4622-9706-0487F14C441A}.Debug|Any CPU.ActiveCfg = Debug|Any CPU
		{653ECB40-A118-4622-9706-0487F14C441A}.Debug|Any CPU.Build.0 = Debug|Any CPU
		{653ECB40-A118-4622-9706-0487F14C441A}.Release|Any CPU.ActiveCfg = Release|Any CPU
		{653ECB40-A118-4622-9706-0487F14C441A}.Release|Any CPU.Build.0 = Release|Any CPU
		{AEB57383-8CA3-4B17-9BFC-AA48D88B4FD7}.Debug|Any CPU.ActiveCfg = Debug|Any CPU
		{AEB57383-8CA3-4B17-9BFC-AA48D88B4FD7}.Debug|Any CPU.Build.0 = Debug|Any CPU
		{AEB57383-8CA3-4B17-9BFC-AA48D88B4FD7}.Release|Any CPU.ActiveCfg = Release|Any CPU
		{AEB57383-8CA3-4B17-9BFC-AA48D88B4FD7}.Release|Any CPU.Build.0 = Release|Any CPU
		{F83A7155-A4BE-4D0F-BC1E-5AD246938713}.Debug|Any CPU.ActiveCfg = Debug|Any CPU
		{F83A7155-A4BE-4D0F-BC1E-5AD246938713}.Debug|Any CPU.Build.0 = Debug|Any CPU
		{F83A7155-A4BE-4D0F-BC1E-5AD246938713}.Release|Any CPU.ActiveCfg = Release|Any CPU
		{F83A7155-A4BE-4D0F-BC1E-5AD246938713}.Release|Any CPU.Build.0 = Release|Any CPU
	EndGlobalSection
EndGlobal
